
Microsoft Visual Studio Solution File, Format Version 11.00
# Visual Studio 2010
Project("{FAE04EC0-301F-11D3-BF4B-00C04F79EFBC}") = "microphone-demo-master", "Assembly-CSharp.csproj", "{7EC16094-F179-EF39-B2B8-160F6CDEDE47}"
EndProject
Global
	GlobalSection(SolutionConfigurationPlatforms) = preSolution
		Debug|Any CPU = Debug|Any CPU
		Release|Any CPU = Release|Any CPU
	EndGlobalSection
	GlobalSection(ProjectConfigurationPlatforms) = postSolution
		{7EC16094-F179-EF39-B2B8-160F6CDEDE47}.Debug|Any CPU.ActiveCfg = Debug|Any CPU
		{7EC16094-F179-EF39-B2B8-160F6CDEDE47}.Debug|Any CPU.Build.0 = Debug|Any CPU
		{7EC16094-F179-EF39-B2B8-160F6CDEDE47}.Release|Any CPU.ActiveCfg = Release|Any CPU
		{7EC16094-F179-EF39-B2B8-160F6CDEDE47}.Release|Any CPU.Build.0 = Release|Any CPU
	EndGlobalSection
	GlobalSection(SolutionProperties) = preSolution
		HideSolutionNode = FALSE
	EndGlobalSection
	GlobalSection(MonoDevelopProperties) = preSolution
		StartupItem = Assembly-CSharp.csproj
	EndGlobalSection
EndGlobal
